{
  "name": "paillier-in-set-zkp",
  "version": "0.9.0",
  "lockfileVersion": 1,
  "requires": true,
  "dependencies": {
    "big-integer": {
      "version": "1.6.36",
      "resolved": "https://registry.npmjs.org/big-integer/-/big-integer-1.6.36.tgz",
      "integrity": "sha512-t70bfa7HYEA1D9idDbmuv7YbsbVkQ+Hp+8KFSul4aE5e/i1bjCNIRYJZlA8Q8p0r9T8cF/RVvwUgRA//FydEyg=="
    },
    "paillier-js": {
      "version": "0.9.2",
      "resolved": "https://registry.npmjs.org/paillier-js/-/paillier-js-0.9.2.tgz",
      "integrity": "sha512-nl0tj9Odu/v4rp4+jQ8fc9xVcVyRfAahxDR4ew6JkRSBO/D6viH7zUzgGDvweFio0QUcXyatUC2ZB0CYPUyUwQ==",
      "requires": {
        "big-integer": "^1.6.28"
      }
    }
  }
}
